
Microsoft Visual Studio Solution File, Format Version 12.00
# Visual Studio Version 16
VisualStudioVersion = 16.0.28721.148
MinimumVisualStudioVersion = 10.0.40219.1
Project("{2150E333-8FDC-42A3-9474-1A3956D46DE8}") = "Test", "Test", "{9AE49948-6AD1-49F3-8E1E-DDB37E447258}"
EndProject
Project("{2150E333-8FDC-42A3-9474-1A3956D46DE8}") = "Tools", "Tools", "{86339D77-91B6-45DC-AB1F-95E7D16EDFFE}"
EndProject
Project("{FAE04EC0-301F-11D3-BF4B-00C04F79EFBC}") = "UpdateAssemblyInfo", "Tools\UpdateAssemblyInfo\UpdateAssemblyInfo.csproj", "{605C8CDB-F0AD-4A21-9F4A-959B8DECB0F3}"
EndProject
Project("{2150E333-8FDC-42A3-9474-1A3956D46DE8}") = "Libraries", "Libraries", "{B565A9A1-40FE-49B5-93B8-E805F551E22E}"
EndProject
Project("{FAE04EC0-301F-11D3-BF4B-00C04F79EFBC}") = "AutoCompleteBox", "Libraries\AutoCompleteBox\AutoCompleteBox.csproj", "{BC1CD2AD-698C-4048-B4FC-638FAF2FC9B5}"
EndProject
Project("{2150E333-8FDC-42A3-9474-1A3956D46DE8}") = "Base", "Base", "{79623711-8083-4486-B156-751BA7861548}"
EndProject
Project("{2150E333-8FDC-42A3-9474-1A3956D46DE8}") = "Core", "Core", "{3ACA501A-179A-465B-A942-EA8CEE60C619}"
EndProject
Project("{2150E333-8FDC-42A3-9474-1A3956D46DE8}") = "Components", "Components", "{1471CF96-B302-4626-AB86-EED5EF166D08}"
EndProject
Project("{2150E333-8FDC-42A3-9474-1A3956D46DE8}") = "Main", "Main", "{F9BF9DFD-6E3A-4E7A-9AD9-0AAFA3256711}"
EndProject
Project("{FAE04EC0-301F-11D3-BF4B-00C04F79EFBC}") = "Wes.Launcher", "Main\Wes.Launcher\Wes.Launcher.csproj", "{098B5C7E-9C9E-4CCD-A246-4ACB00DBEB75}"
EndProject
Project("{FAE04EC0-301F-11D3-BF4B-00C04F79EFBC}") = "Wes.Desktop", "Main\Wes.Desktop\Wes.Desktop.csproj", "{0A426FEC-3772-40D6-8423-C9C92F281D59}"
EndProject
Project("{FAE04EC0-301F-11D3-BF4B-00C04F79EFBC}") = "Wes.Addins", "Core\Wes.Addins\Wes.Addins.csproj", "{AFF9888D-F330-47E3-958F-1127FBF47885}"
EndProject
Project("{FAE04EC0-301F-11D3-BF4B-00C04F79EFBC}") = "Wes.Core", "Core\Wes.Core\Wes.Core.csproj", "{8F2B9471-392C-4722-839B-593C63CA7CF4}"
EndProject
Project("{FAE04EC0-301F-11D3-BF4B-00C04F79EFBC}") = "Wes.Desktop.Windows", "Base\Wes.Desktop.Windows\Wes.Desktop.Windows.csproj", "{042D18D8-8038-4A3E-9AA7-F230649B141B}"
EndProject
Project("{FAE04EC0-301F-11D3-BF4B-00C04F79EFBC}") = "Wes.Flow", "Base\Wes.Flow\Wes.Flow.csproj", "{AB32333A-6472-4DE7-850D-5E25B8BCCDF8}"
EndProject
Project("{FAE04EC0-301F-11D3-BF4B-00C04F79EFBC}") = "Wes.Print", "Base\Wes.Print\Wes.Print.csproj", "{F877DA1B-C10D-4A90-A229-1DB9E727A1EF}"
EndProject
Project("{FAE04EC0-301F-11D3-BF4B-00C04F79EFBC}") = "Wes.Utilities", "Base\Wes.Utilities\Wes.Utilities.csproj", "{444B162B-E037-4CF8-B7EA-AE6BE0B86FF7}"
EndProject
Project("{FAE04EC0-301F-11D3-BF4B-00C04F79EFBC}") = "Wes.Wrapper", "Base\Wes.Wrapper\Wes.Wrapper.csproj", "{D1D40C00-29DD-44EE-B28C-1705E58A0CA6}"
EndProject
Project("{2150E333-8FDC-42A3-9474-1A3956D46DE8}") = "Avnet", "Avnet", "{6FE65717-1E56-4854-A799-8C50F1D828AA}"
EndProject
Project("{2150E333-8FDC-42A3-9474-1A3956D46DE8}") = "FitiPower", "FitiPower", "{E8C88416-F5AD-4086-B4E8-A232F61C3175}"
EndProject
Project("{2150E333-8FDC-42A3-9474-1A3956D46DE8}") = "Sinbon", "Sinbon", "{3A719502-4695-4166-98F6-DBEE71D714BF}"
EndProject
Project("{2150E333-8FDC-42A3-9474-1A3956D46DE8}") = "Wes.Widgets", "Wes.Widgets", "{C0F66273-6E5D-41EF-980E-7451318981A3}"
EndProject
Project("{FAE04EC0-301F-11D3-BF4B-00C04F79EFBC}") = "Wes.Customer.Avnet", "Components\AVNET\Wes.Customer.Avnet\Wes.Customer.Avnet.csproj", "{F6852B3C-B932-4821-9BBD-CD7A7D78E160}"
EndProject
Project("{FAE04EC0-301F-11D3-BF4B-00C04F79EFBC}") = "Wes.Customer.Common", "Components\AVNET\Wes.Customer.Common\Wes.Customer.Common.csproj", "{55AFA28F-3D40-4F12-B338-024101B05C2D}"
EndProject
Project("{FAE04EC0-301F-11D3-BF4B-00C04F79EFBC}") = "Wes.Customer.FitiPower", "Components\FitiPower\Wes.Customer.FitiPower\Wes.Customer.FitiPower.csproj", "{45065D58-1EB8-4313-BB12-97C307A3BE1F}"
EndProject
Project("{FAE04EC0-301F-11D3-BF4B-00C04F79EFBC}") = "Wes.Customer.Sinbon", "Components\Sinbon\Wes.Customer.Sinbon\Wes.Customer.Sinbon.csproj", "{6418A911-0E66-46CD-9238-D6457D45DD9E}"
EndProject
Project("{FAE04EC0-301F-11D3-BF4B-00C04F79EFBC}") = "Wes.Component.Widgets", "Components\Wes.Widgets\Wes.Component.Widgets\Wes.Component.Widgets.csproj", "{1935F221-8640-4186-913C-A89B0870C9C6}"
EndProject
Project("{2150E333-8FDC-42A3-9474-1A3956D46DE8}") = "Allsor", "Allsor", "{3B42C3D1-5119-4461-AC95-D30061535261}"
EndProject
Project("{FAE04EC0-301F-11D3-BF4B-00C04F79EFBC}") = "Wes.Customer.Allsor", "Components\Allsor\Wes.Customer.Allsor\Wes.Customer.Allsor.csproj", "{45AC428B-C568-43A2-B22A-2D12E7776D14}"
EndProject
Project("{FAE04EC0-301F-11D3-BF4B-00C04F79EFBC}") = "Wes.Core.Tests", "Tests\Wes.Core.Tests\Wes.Core.Tests.csproj", "{C0B6482A-93FC-4D1B-AF77-137D5A37F75B}"
EndProject
Project("{FAE04EC0-301F-11D3-BF4B-00C04F79EFBC}") = "Wes.Server", "Main\Wes.Server\Wes.Server.csproj", "{60375786-4D8A-439E-BD6A-2CBFA9306F2D}"
EndProject
Project("{2150E333-8FDC-42A3-9474-1A3956D46DE8}") = "Mcc", "Mcc", "{453A46C6-E150-4EC6-914C-B19DE00C7852}"
EndProject
Project("{FAE04EC0-301F-11D3-BF4B-00C04F79EFBC}") = "Wes.Customer.Mcc", "Components\Mcc\Wes.Customer.Mcc\Wes.Customer.Mcc.csproj", "{57404F67-1A8F-466A-B4AD-F96924208667}"
EndProject
Project("{2150E333-8FDC-42A3-9474-1A3956D46DE8}") = "Promaster", "Promaster", "{0543F153-0EC9-42DB-A3B7-F761781CB5F1}"
EndProject
Project("{FAE04EC0-301F-11D3-BF4B-00C04F79EFBC}") = "Wes.Customer.Promaster", "Components\Promaster\Wes.Customer.Promaster\Wes.Customer.Promaster.csproj", "{F193B213-384B-4447-8AC2-C037053609EE}"
EndProject
Global
	GlobalSection(SolutionConfigurationPlatforms) = preSolution
		Debug|Any CPU = Debug|Any CPU
		Debug|x64 = Debug|x64
		Debug|x86 = Debug|x86
		Release|Any CPU = Release|Any CPU
		Release|x64 = Release|x64
		Release|x86 = Release|x86
	EndGlobalSection
	GlobalSection(ProjectConfigurationPlatforms) = postSolution
		{605C8CDB-F0AD-4A21-9F4A-959B8DECB0F3}.Debug|Any CPU.ActiveCfg = Debug|x86
		{605C8CDB-F0AD-4A21-9F4A-959B8DECB0F3}.Debug|Any CPU.Build.0 = Debug|x86
		{605C8CDB-F0AD-4A21-9F4A-959B8DECB0F3}.Debug|x64.ActiveCfg = Debug|Any CPU
		{605C8CDB-F0AD-4A21-9F4A-959B8DECB0F3}.Debug|x64.Build.0 = Debug|Any CPU
		{605C8CDB-F0AD-4A21-9F4A-959B8DECB0F3}.Debug|x86.ActiveCfg = Debug|x86
		{605C8CDB-F0AD-4A21-9F4A-959B8DECB0F3}.Debug|x86.Build.0 = Debug|x86
		{605C8CDB-F0AD-4A21-9F4A-959B8DECB0F3}.Release|Any CPU.ActiveCfg = Release|x86
		{605C8CDB-F0AD-4A21-9F4A-959B8DECB0F3}.Release|Any CPU.Build.0 = Release|x86
		{605C8CDB-F0AD-4A21-9F4A-959B8DECB0F3}.Release|x64.ActiveCfg = Release|Any CPU
		{605C8CDB-F0AD-4A21-9F4A-959B8DECB0F3}.Release|x64.Build.0 = Release|Any CPU
		{605C8CDB-F0AD-4A21-9F4A-959B8DECB0F3}.Release|x86.ActiveCfg = Release|x86
		{605C8CDB-F0AD-4A21-9F4A-959B8DECB0F3}.Release|x86.Build.0 = Release|x86
		{BC1CD2AD-698C-4048-B4FC-638FAF2FC9B5}.Debug|Any CPU.ActiveCfg = Debug|x86
		{BC1CD2AD-698C-4048-B4FC-638FAF2FC9B5}.Debug|Any CPU.Build.0 = Debug|x86
		{BC1CD2AD-698C-4048-B4FC-638FAF2FC9B5}.Debug|x64.ActiveCfg = Debug|Any CPU
		{BC1CD2AD-698C-4048-B4FC-638FAF2FC9B5}.Debug|x64.Build.0 = Debug|Any CPU
		{BC1CD2AD-698C-4048-B4FC-638FAF2FC9B5}.Debug|x86.ActiveCfg = Debug|x86
		{BC1CD2AD-698C-4048-B4FC-638FAF2FC9B5}.Debug|x86.Build.0 = Debug|x86
		{BC1CD2AD-698C-4048-B4FC-638FAF2FC9B5}.Release|Any CPU.ActiveCfg = Release|x86
		{BC1CD2AD-698C-4048-B4FC-638FAF2FC9B5}.Release|Any CPU.Build.0 = Release|x86
		{BC1CD2AD-698C-4048-B4FC-638FAF2FC9B5}.Release|x64.ActiveCfg = Release|Any CPU
		{BC1CD2AD-698C-4048-B4FC-638FAF2FC9B5}.Release|x64.Build.0 = Release|Any CPU
		{BC1CD2AD-698C-4048-B4FC-638FAF2FC9B5}.Release|x86.ActiveCfg = Release|x86
		{BC1CD2AD-698C-4048-B4FC-638FAF2FC9B5}.Release|x86.Build.0 = Release|x86
		{098B5C7E-9C9E-4CCD-A246-4ACB00DBEB75}.Debug|Any CPU.ActiveCfg = Debug|x86
		{098B5C7E-9C9E-4CCD-A246-4ACB00DBEB75}.Debug|Any CPU.Build.0 = Debug|x86
		{098B5C7E-9C9E-4CCD-A246-4ACB00DBEB75}.Debug|x64.ActiveCfg = Debug|Any CPU
		{098B5C7E-9C9E-4CCD-A246-4ACB00DBEB75}.Debug|x64.Build.0 = Debug|Any CPU
		{098B5C7E-9C9E-4CCD-A246-4ACB00DBEB75}.Debug|x86.ActiveCfg = Debug|x86
		{098B5C7E-9C9E-4CCD-A246-4ACB00DBEB75}.Debug|x86.Build.0 = Debug|x86
		{098B5C7E-9C9E-4CCD-A246-4ACB00DBEB75}.Release|Any CPU.ActiveCfg = Release|x86
		{098B5C7E-9C9E-4CCD-A246-4ACB00DBEB75}.Release|Any CPU.Build.0 = Release|x86
		{098B5C7E-9C9E-4CCD-A246-4ACB00DBEB75}.Release|x64.ActiveCfg = Release|Any CPU
		{098B5C7E-9C9E-4CCD-A246-4ACB00DBEB75}.Release|x64.Build.0 = Release|Any CPU
		{098B5C7E-9C9E-4CCD-A246-4ACB00DBEB75}.Release|x86.ActiveCfg = Release|x86
		{098B5C7E-9C9E-4CCD-A246-4ACB00DBEB75}.Release|x86.Build.0 = Release|x86
		{0A426FEC-3772-40D6-8423-C9C92F281D59}.Debug|Any CPU.ActiveCfg = Debug|x86
		{0A426FEC-3772-40D6-8423-C9C92F281D59}.Debug|Any CPU.Build.0 = Debug|x86
		{0A426FEC-3772-40D6-8423-C9C92F281D59}.Debug|x64.ActiveCfg = Debug|Any CPU
		{0A426FEC-3772-40D6-8423-C9C92F281D59}.Debug|x64.Build.0 = Debug|Any CPU
		{0A426FEC-3772-40D6-8423-C9C92F281D59}.Debug|x86.ActiveCfg = Debug|x86
		{0A426FEC-3772-40D6-8423-C9C92F281D59}.Debug|x86.Build.0 = Debug|x86
		{0A426FEC-3772-40D6-8423-C9C92F281D59}.Release|Any CPU.ActiveCfg = Release|x86
		{0A426FEC-3772-40D6-8423-C9C92F281D59}.Release|Any CPU.Build.0 = Release|x86
		{0A426FEC-3772-40D6-8423-C9C92F281D59}.Release|x64.ActiveCfg = Release|Any CPU
		{0A426FEC-3772-40D6-8423-C9C92F281D59}.Release|x64.Build.0 = Release|Any CPU
		{0A426FEC-3772-40D6-8423-C9C92F281D59}.Release|x86.ActiveCfg = Release|x86
		{0A426FEC-3772-40D6-8423-C9C92F281D59}.Release|x86.Build.0 = Release|x86
		{AFF9888D-F330-47E3-958F-1127FBF47885}.Debug|Any CPU.ActiveCfg = Debug|x86
		{AFF9888D-F330-47E3-958F-1127FBF47885}.Debug|Any CPU.Build.0 = Debug|x86
		{AFF9888D-F330-47E3-958F-1127FBF47885}.Debug|x64.ActiveCfg = Debug|Any CPU
		{AFF9888D-F330-47E3-958F-1127FBF47885}.Debug|x64.Build.0 = Debug|Any CPU
		{AFF9888D-F330-47E3-958F-1127FBF47885}.Debug|x86.ActiveCfg = Debug|x86
		{AFF9888D-F330-47E3-958F-1127FBF47885}.Debug|x86.Build.0 = Debug|x86
		{AFF9888D-F330-47E3-958F-1127FBF47885}.Release|Any CPU.ActiveCfg = Release|x86
		{AFF9888D-F330-47E3-958F-1127FBF47885}.Release|Any CPU.Build.0 = Release|x86
		{AFF9888D-F330-47E3-958F-1127FBF47885}.Release|x64.ActiveCfg = Release|Any CPU
		{AFF9888D-F330-47E3-958F-1127FBF47885}.Release|x64.Build.0 = Release|Any CPU
		{AFF9888D-F330-47E3-958F-1127FBF47885}.Release|x86.ActiveCfg = Release|x86
		{AFF9888D-F330-47E3-958F-1127FBF47885}.Release|x86.Build.0 = Release|x86
		{8F2B9471-392C-4722-839B-593C63CA7CF4}.Debug|Any CPU.ActiveCfg = Debug|x86
		{8F2B9471-392C-4722-839B-593C63CA7CF4}.Debug|Any CPU.Build.0 = Debug|x86
		{8F2B9471-392C-4722-839B-593C63CA7CF4}.Debug|x64.ActiveCfg = Debug|Any CPU
		{8F2B9471-392C-4722-839B-593C63CA7CF4}.Debug|x64.Build.0 = Debug|Any CPU
		{8F2B9471-392C-4722-839B-593C63CA7CF4}.Debug|x86.ActiveCfg = Debug|x86
		{8F2B9471-392C-4722-839B-593C63CA7CF4}.Debug|x86.Build.0 = Debug|x86
		{8F2B9471-392C-4722-839B-593C63CA7CF4}.Release|Any CPU.ActiveCfg = Release|x86
		{8F2B9471-392C-4722-839B-593C63CA7CF4}.Release|Any CPU.Build.0 = Release|x86
		{8F2B9471-392C-4722-839B-593C63CA7CF4}.Release|x64.ActiveCfg = Release|Any CPU
		{8F2B9471-392C-4722-839B-593C63CA7CF4}.Release|x64.Build.0 = Release|Any CPU
		{8F2B9471-392C-4722-839B-593C63CA7CF4}.Release|x86.ActiveCfg = Release|x86
		{8F2B9471-392C-4722-839B-593C63CA7CF4}.Release|x86.Build.0 = Release|x86
		{042D18D8-8038-4A3E-9AA7-F230649B141B}.Debug|Any CPU.ActiveCfg = Debug|x86
		{042D18D8-8038-4A3E-9AA7-F230649B141B}.Debug|Any CPU.Build.0 = Debug|x86
		{042D18D8-8038-4A3E-9AA7-F230649B141B}.Debug|x64.ActiveCfg = Debug|Any CPU
		{042D18D8-8038-4A3E-9AA7-F230649B141B}.Debug|x64.Build.0 = Debug|Any CPU
		{042D18D8-8038-4A3E-9AA7-F230649B141B}.Debug|x86.ActiveCfg = Debug|x86
		{042D18D8-8038-4A3E-9AA7-F230649B141B}.Debug|x86.Build.0 = Debug|x86
		{042D18D8-8038-4A3E-9AA7-F230649B141B}.Release|Any CPU.ActiveCfg = Release|x86
		{042D18D8-8038-4A3E-9AA7-F230649B141B}.Release|Any CPU.Build.0 = Release|x86
		{042D18D8-8038-4A3E-9AA7-F230649B141B}.Release|x64.ActiveCfg = Release|Any CPU
		{042D18D8-8038-4A3E-9AA7-F230649B141B}.Release|x64.Build.0 = Release|Any CPU
		{042D18D8-8038-4A3E-9AA7-F230649B141B}.Release|x86.ActiveCfg = Release|x86
		{042D18D8-8038-4A3E-9AA7-F230649B141B}.Release|x86.Build.0 = Release|x86
		{AB32333A-6472-4DE7-850D-5E25B8BCCDF8}.Debug|Any CPU.ActiveCfg = Debug|x86
		{AB32333A-6472-4DE7-850D-5E25B8BCCDF8}.Debug|Any CPU.Build.0 = Debug|x86
		{AB32333A-6472-4DE7-850D-5E25B8BCCDF8}.Debug|x64.ActiveCfg = Debug|Any CPU
		{AB32333A-6472-4DE7-850D-5E25B8BCCDF8}.Debug|x64.Build.0 = Debug|Any CPU
		{AB32333A-6472-4DE7-850D-5E25B8BCCDF8}.Debug|x86.ActiveCfg = Debug|x86
		{AB32333A-6472-4DE7-850D-5E25B8BCCDF8}.Debug|x86.Build.0 = Debug|x86
		{AB32333A-6472-4DE7-850D-5E25B8BCCDF8}.Release|Any CPU.ActiveCfg = Release|x86
		{AB32333A-6472-4DE7-850D-5E25B8BCCDF8}.Release|Any CPU.Build.0 = Release|x86
		{AB32333A-6472-4DE7-850D-5E25B8BCCDF8}.Release|x64.ActiveCfg = Release|Any CPU
		{AB32333A-6472-4DE7-850D-5E25B8BCCDF8}.Release|x64.Build.0 = Release|Any CPU
		{AB32333A-6472-4DE7-850D-5E25B8BCCDF8}.Release|x86.ActiveCfg = Release|x86
		{AB32333A-6472-4DE7-850D-5E25B8BCCDF8}.Release|x86.Build.0 = Release|x86
		{F877DA1B-C10D-4A90-A229-1DB9E727A1EF}.Debug|Any CPU.ActiveCfg = Debug|x86
		{F877DA1B-C10D-4A90-A229-1DB9E727A1EF}.Debug|Any CPU.Build.0 = Debug|x86
		{F877DA1B-C10D-4A90-A229-1DB9E727A1EF}.Debug|x64.ActiveCfg = Debug|Any CPU
		{F877DA1B-C10D-4A90-A229-1DB9E727A1EF}.Debug|x64.Build.0 = Debug|Any CPU
		{F877DA1B-C10D-4A90-A229-1DB9E727A1EF}.Debug|x86.ActiveCfg = Debug|x86
		{F877DA1B-C10D-4A90-A229-1DB9E727A1EF}.Debug|x86.Build.0 = Debug|x86
		{F877DA1B-C10D-4A90-A229-1DB9E727A1EF}.Release|Any CPU.ActiveCfg = Release|x86
		{F877DA1B-C10D-4A90-A229-1DB9E727A1EF}.Release|Any CPU.Build.0 = Release|x86
		{F877DA1B-C10D-4A90-A229-1DB9E727A1EF}.Release|x64.ActiveCfg = Release|Any CPU
		{F877DA1B-C10D-4A90-A229-1DB9E727A1EF}.Release|x64.Build.0 = Release|Any CPU
		{F877DA1B-C10D-4A90-A229-1DB9E727A1EF}.Release|x86.ActiveCfg = Release|x86
		{F877DA1B-C10D-4A90-A229-1DB9E727A1EF}.Release|x86.Build.0 = Release|x86
		{444B162B-E037-4CF8-B7EA-AE6BE0B86FF7}.Debug|Any CPU.ActiveCfg = Debug|x86
		{444B162B-E037-4CF8-B7EA-AE6BE0B86FF7}.Debug|Any CPU.Build.0 = Debug|x86
		{444B162B-E037-4CF8-B7EA-AE6BE0B86FF7}.Debug|x64.ActiveCfg = Debug|Any CPU
		{444B162B-E037-4CF8-B7EA-AE6BE0B86FF7}.Debug|x64.Build.0 = Debug|Any CPU
		{444B162B-E037-4CF8-B7EA-AE6BE0B86FF7}.Debug|x86.ActiveCfg = Debug|x86
		{444B162B-E037-4CF8-B7EA-AE6BE0B86FF7}.Debug|x86.Build.0 = Debug|x86
		{444B162B-E037-4CF8-B7EA-AE6BE0B86FF7}.Release|Any CPU.ActiveCfg = Release|x86
		{444B162B-E037-4CF8-B7EA-AE6BE0B86FF7}.Release|Any CPU.Build.0 = Release|x86
		{444B162B-E037-4CF8-B7EA-AE6BE0B86FF7}.Release|x64.ActiveCfg = Release|Any CPU
		{444B162B-E037-4CF8-B7EA-AE6BE0B86FF7}.Release|x64.Build.0 = Release|Any CPU
		{444B162B-E037-4CF8-B7EA-AE6BE0B86FF7}.Release|x86.ActiveCfg = Release|x86
		{444B162B-E037-4CF8-B7EA-AE6BE0B86FF7}.Release|x86.Build.0 = Release|x86
		{D1D40C00-29DD-44EE-B28C-1705E58A0CA6}.Debug|Any CPU.ActiveCfg = Debug|x86
		{D1D40C00-29DD-44EE-B28C-1705E58A0CA6}.Debug|Any CPU.Build.0 = Debug|x86
		{D1D40C00-29DD-44EE-B28C-1705E58A0CA6}.Debug|x64.ActiveCfg = Debug|Any CPU
		{D1D40C00-29DD-44EE-B28C-1705E58A0CA6}.Debug|x64.Build.0 = Debug|Any CPU
		{D1D40C00-29DD-44EE-B28C-1705E58A0CA6}.Debug|x86.ActiveCfg = Debug|x86
		{D1D40C00-29DD-44EE-B28C-1705E58A0CA6}.Debug|x86.Build.0 = Debug|x86
		{D1D40C00-29DD-44EE-B28C-1705E58A0CA6}.Release|Any CPU.ActiveCfg = Release|x86
		{D1D40C00-29DD-44EE-B28C-1705E58A0CA6}.Release|Any CPU.Build.0 = Release|x86
		{D1D40C00-29DD-44EE-B28C-1705E58A0CA6}.Release|x64.ActiveCfg = Release|Any CPU
		{D1D40C00-29DD-44EE-B28C-1705E58A0CA6}.Release|x64.Build.0 = Release|Any CPU
		{D1D40C00-29DD-44EE-B28C-1705E58A0CA6}.Release|x86.ActiveCfg = Release|x86
		{D1D40C00-29DD-44EE-B28C-1705E58A0CA6}.Release|x86.Build.0 = Release|x86
		{F6852B3C-B932-4821-9BBD-CD7A7D78E160}.Debug|Any CPU.ActiveCfg = Debug|x86
		{F6852B3C-B932-4821-9BBD-CD7A7D78E160}.Debug|Any CPU.Build.0 = Debug|x86
		{F6852B3C-B932-4821-9BBD-CD7A7D78E160}.Debug|x64.ActiveCfg = Debug|Any CPU
		{F6852B3C-B932-4821-9BBD-CD7A7D78E160}.Debug|x64.Build.0 = Debug|Any CPU
		{F6852B3C-B932-4821-9BBD-CD7A7D78E160}.Debug|x86.ActiveCfg = Debug|x86
		{F6852B3C-B932-4821-9BBD-CD7A7D78E160}.Debug|x86.Build.0 = Debug|x86
		{F6852B3C-B932-4821-9BBD-CD7A7D78E160}.Release|Any CPU.ActiveCfg = Release|x86
		{F6852B3C-B932-4821-9BBD-CD7A7D78E160}.Release|Any CPU.Build.0 = Release|x86
		{F6852B3C-B932-4821-9BBD-CD7A7D78E160}.Release|x64.ActiveCfg = Release|Any CPU
		{F6852B3C-B932-4821-9BBD-CD7A7D78E160}.Release|x64.Build.0 = Release|Any CPU
		{F6852B3C-B932-4821-9BBD-CD7A7D78E160}.Release|x86.ActiveCfg = Release|x86
		{F6852B3C-B932-4821-9BBD-CD7A7D78E160}.Release|x86.Build.0 = Release|x86
		{55AFA28F-3D40-4F12-B338-024101B05C2D}.Debug|Any CPU.ActiveCfg = Debug|x86
		{55AFA28F-3D40-4F12-B338-024101B05C2D}.Debug|Any CPU.Build.0 = Debug|x86
		{55AFA28F-3D40-4F12-B338-024101B05C2D}.Debug|x64.ActiveCfg = Debug|Any CPU
		{55AFA28F-3D40-4F12-B338-024101B05C2D}.Debug|x64.Build.0 = Debug|Any CPU
		{55AFA28F-3D40-4F12-B338-024101B05C2D}.Debug|x86.ActiveCfg = Debug|x86
		{55AFA28F-3D40-4F12-B338-024101B05C2D}.Debug|x86.Build.0 = Debug|x86
		{55AFA28F-3D40-4F12-B338-024101B05C2D}.Release|Any CPU.ActiveCfg = Release|x86
		{55AFA28F-3D40-4F12-B338-024101B05C2D}.Release|Any CPU.Build.0 = Release|x86
		{55AFA28F-3D40-4F12-B338-024101B05C2D}.Release|x64.ActiveCfg = Release|Any CPU
		{55AFA28F-3D40-4F12-B338-024101B05C2D}.Release|x64.Build.0 = Release|Any CPU
		{55AFA28F-3D40-4F12-B338-024101B05C2D}.Release|x86.ActiveCfg = Release|x86
		{55AFA28F-3D40-4F12-B338-024101B05C2D}.Release|x86.Build.0 = Release|x86
		{45065D58-1EB8-4313-BB12-97C307A3BE1F}.Debug|Any CPU.ActiveCfg = Debug|x86
		{45065D58-1EB8-4313-BB12-97C307A3BE1F}.Debug|Any CPU.Build.0 = Debug|x86
		{45065D58-1EB8-4313-BB12-97C307A3BE1F}.Debug|x64.ActiveCfg = Debug|Any CPU
		{45065D58-1EB8-4313-BB12-97C307A3BE1F}.Debug|x64.Build.0 = Debug|Any CPU
		{45065D58-1EB8-4313-BB12-97C307A3BE1F}.Debug|x86.ActiveCfg = Debug|x86
		{45065D58-1EB8-4313-BB12-97C307A3BE1F}.Debug|x86.Build.0 = Debug|x86
		{45065D58-1EB8-4313-BB12-97C307A3BE1F}.Release|Any CPU.ActiveCfg = Release|x86
		{45065D58-1EB8-4313-BB12-97C307A3BE1F}.Release|Any CPU.Build.0 = Release|x86
		{45065D58-1EB8-4313-BB12-97C307A3BE1F}.Release|x64.ActiveCfg = Release|Any CPU
		{45065D58-1EB8-4313-BB12-97C307A3BE1F}.Release|x64.Build.0 = Release|Any CPU
		{45065D58-1EB8-4313-BB12-97C307A3BE1F}.Release|x86.ActiveCfg = Release|x86
		{45065D58-1EB8-4313-BB12-97C307A3BE1F}.Release|x86.Build.0 = Release|x86
		{6418A911-0E66-46CD-9238-D6457D45DD9E}.Debug|Any CPU.ActiveCfg = Debug|x86
		{6418A911-0E66-46CD-9238-D6457D45DD9E}.Debug|Any CPU.Build.0 = Debug|x86
		{6418A911-0E66-46CD-9238-D6457D45DD9E}.Debug|x64.ActiveCfg = Debug|Any CPU
		{6418A911-0E66-46CD-9238-D6457D45DD9E}.Debug|x64.Build.0 = Debug|Any CPU
		{6418A911-0E66-46CD-9238-D6457D45DD9E}.Debug|x86.ActiveCfg = Debug|x86
		{6418A911-0E66-46CD-9238-D6457D45DD9E}.Debug|x86.Build.0 = Debug|x86
		{6418A911-0E66-46CD-9238-D6457D45DD9E}.Release|Any CPU.ActiveCfg = Release|x86
		{6418A911-0E66-46CD-9238-D6457D45DD9E}.Release|Any CPU.Build.0 = Release|x86
		{6418A911-0E66-46CD-9238-D6457D45DD9E}.Release|x64.ActiveCfg = Release|Any CPU
		{6418A911-0E66-46CD-9238-D6457D45DD9E}.Release|x64.Build.0 = Release|Any CPU
		{6418A911-0E66-46CD-9238-D6457D45DD9E}.Release|x86.ActiveCfg = Release|x86
		{6418A911-0E66-46CD-9238-D6457D45DD9E}.Release|x86.Build.0 = Release|x86
		{1935F221-8640-4186-913C-A89B0870C9C6}.Debug|Any CPU.ActiveCfg = Debug|x86
		{1935F221-8640-4186-913C-A89B0870C9C6}.Debug|Any CPU.Build.0 = Debug|x86
		{1935F221-8640-4186-913C-A89B0870C9C6}.Debug|x64.ActiveCfg = Debug|Any CPU
		{1935F221-8640-4186-913C-A89B0870C9C6}.Debug|x64.Build.0 = Debug|Any CPU
		{1935F221-8640-4186-913C-A89B0870C9C6}.Debug|x86.ActiveCfg = Debug|x86
		{1935F221-8640-4186-913C-A89B0870C9C6}.Debug|x86.Build.0 = Debug|x86
		{1935F221-8640-4186-913C-A89B0870C9C6}.Release|Any CPU.ActiveCfg = Release|x86
		{1935F221-8640-4186-913C-A89B0870C9C6}.Release|Any CPU.Build.0 = Release|x86
		{1935F221-8640-4186-913C-A89B0870C9C6}.Release|x64.ActiveCfg = Release|Any CPU
		{1935F221-8640-4186-913C-A89B0870C9C6}.Release|x64.Build.0 = Release|Any CPU
		{1935F221-8640-4186-913C-A89B0870C9C6}.Release|x86.ActiveCfg = Release|x86
		{1935F221-8640-4186-913C-A89B0870C9C6}.Release|x86.Build.0 = Release|x86
		{45AC428B-C568-43A2-B22A-2D12E7776D14}.Debug|Any CPU.ActiveCfg = Debug|x86
		{45AC428B-C568-43A2-B22A-2D12E7776D14}.Debug|Any CPU.Build.0 = Debug|x86
		{45AC428B-C568-43A2-B22A-2D12E7776D14}.Debug|x64.ActiveCfg = Debug|Any CPU
		{45AC428B-C568-43A2-B22A-2D12E7776D14}.Debug|x64.Build.0 = Debug|Any CPU
		{45AC428B-C568-43A2-B22A-2D12E7776D14}.Debug|x86.ActiveCfg = Debug|x86
		{45AC428B-C568-43A2-B22A-2D12E7776D14}.Debug|x86.Build.0 = Debug|x86
		{45AC428B-C568-43A2-B22A-2D12E7776D14}.Release|Any CPU.ActiveCfg = Release|x86
		{45AC428B-C568-43A2-B22A-2D12E7776D14}.Release|Any CPU.Build.0 = Release|x86
		{45AC428B-C568-43A2-B22A-2D12E7776D14}.Release|x64.ActiveCfg = Release|Any CPU
		{45AC428B-C568-43A2-B22A-2D12E7776D14}.Release|x64.Build.0 = Release|Any CPU
		{45AC428B-C568-43A2-B22A-2D12E7776D14}.Release|x86.ActiveCfg = Release|x86
		{45AC428B-C568-43A2-B22A-2D12E7776D14}.Release|x86.Build.0 = Release|x86
		{C0B6482A-93FC-4D1B-AF77-137D5A37F75B}.Debug|Any CPU.ActiveCfg = Debug|Any CPU
		{C0B6482A-93FC-4D1B-AF77-137D5A37F75B}.Debug|Any CPU.Build.0 = Debug|Any CPU
		{C0B6482A-93FC-4D1B-AF77-137D5A37F75B}.Debug|x64.ActiveCfg = Debug|Any CPU
		{C0B6482A-93FC-4D1B-AF77-137D5A37F75B}.Debug|x64.Build.0 = Debug|Any CPU
		{C0B6482A-93FC-4D1B-AF77-137D5A37F75B}.Debug|x86.ActiveCfg = Debug|x86
		{C0B6482A-93FC-4D1B-AF77-137D5A37F75B}.Debug|x86.Build.0 = Debug|x86
		{C0B6482A-93FC-4D1B-AF77-137D5A37F75B}.Release|Any CPU.ActiveCfg = Release|Any CPU
		{C0B6482A-93FC-4D1B-AF77-137D5A37F75B}.Release|Any CPU.Build.0 = Release|Any CPU
		{C0B6482A-93FC-4D1B-AF77-137D5A37F75B}.Release|x64.ActiveCfg = Release|Any CPU
		{C0B6482A-93FC-4D1B-AF77-137D5A37F75B}.Release|x64.Build.0 = Release|Any CPU
		{C0B6482A-93FC-4D1B-AF77-137D5A37F75B}.Release|x86.ActiveCfg = Release|x86
		{C0B6482A-93FC-4D1B-AF77-137D5A37F75B}.Release|x86.Build.0 = Release|x86
		{60375786-4D8A-439E-BD6A-2CBFA9306F2D}.Debug|Any CPU.ActiveCfg = Debug|Any CPU
		{60375786-4D8A-439E-BD6A-2CBFA9306F2D}.Debug|Any CPU.Build.0 = Debug|Any CPU
		{60375786-4D8A-439E-BD6A-2CBFA9306F2D}.Debug|x64.ActiveCfg = Debug|Any CPU
		{60375786-4D8A-439E-BD6A-2CBFA9306F2D}.Debug|x64.Build.0 = Debug|Any CPU
		{60375786-4D8A-439E-BD6A-2CBFA9306F2D}.Debug|x86.ActiveCfg = Debug|x86
		{60375786-4D8A-439E-BD6A-2CBFA9306F2D}.Debug|x86.Build.0 = Debug|x86
		{60375786-4D8A-439E-BD6A-2CBFA9306F2D}.Release|Any CPU.ActiveCfg = Release|Any CPU
		{60375786-4D8A-439E-BD6A-2CBFA9306F2D}.Release|Any CPU.Build.0 = Release|Any CPU
		{60375786-4D8A-439E-BD6A-2CBFA9306F2D}.Release|x64.ActiveCfg = Release|Any CPU
		{60375786-4D8A-439E-BD6A-2CBFA9306F2D}.Release|x64.Build.0 = Release|Any CPU
		{60375786-4D8A-439E-BD6A-2CBFA9306F2D}.Release|x86.ActiveCfg = Release|x86
		{60375786-4D8A-439E-BD6A-2CBFA9306F2D}.Release|x86.Build.0 = Release|x86
		{57404F67-1A8F-466A-B4AD-F96924208667}.Debug|Any CPU.ActiveCfg = Debug|Any CPU
		{57404F67-1A8F-466A-B4AD-F96924208667}.Debug|Any CPU.Build.0 = Debug|Any CPU
		{57404F67-1A8F-466A-B4AD-F96924208667}.Debug|x64.ActiveCfg = Debug|Any CPU
		{57404F67-1A8F-466A-B4AD-F96924208667}.Debug|x64.Build.0 = Debug|Any CPU
		{57404F67-1A8F-466A-B4AD-F96924208667}.Debug|x86.ActiveCfg = Debug|x86
		{57404F67-1A8F-466A-B4AD-F96924208667}.Debug|x86.Build.0 = Debug|x86
		{57404F67-1A8F-466A-B4AD-F96924208667}.Release|Any CPU.ActiveCfg = Release|Any CPU
		{57404F67-1A8F-466A-B4AD-F96924208667}.Release|Any CPU.Build.0 = Release|Any CPU
		{57404F67-1A8F-466A-B4AD-F96924208667}.Release|x64.ActiveCfg = Release|Any CPU
		{57404F67-1A8F-466A-B4AD-F96924208667}.Release|x64.Build.0 = Release|Any CPU
		{57404F67-1A8F-466A-B4AD-F96924208667}.Release|x86.ActiveCfg = Release|x86
		{57404F67-1A8F-466A-B4AD-F96924208667}.Release|x86.Build.0 = Release|x86
		{F193B213-384B-4447-8AC2-C037053609EE}.Debug|Any CPU.ActiveCfg = Debug|Any CPU
		{F193B213-384B-4447-8AC2-C037053609EE}.Debug|Any CPU.Build.0 = Debug|Any CPU
		{F193B213-384B-4447-8AC2-C037053609EE}.Debug|x64.ActiveCfg = Debug|Any CPU
		{F193B213-384B-4447-8AC2-C037053609EE}.Debug|x64.Build.0 = Debug|Any CPU
		{F193B213-384B-4447-8AC2-C037053609EE}.Debug|x86.ActiveCfg = Debug|x86
		{F193B213-384B-4447-8AC2-C037053609EE}.Debug|x86.Build.0 = Debug|x86
		{F193B213-384B-4447-8AC2-C037053609EE}.Release|Any CPU.ActiveCfg = Release|Any CPU
		{F193B213-384B-4447-8AC2-C037053609EE}.Release|Any CPU.Build.0 = Release|Any CPU
		{F193B213-384B-4447-8AC2-C037053609EE}.Release|x64.ActiveCfg = Release|Any CPU
		{F193B213-384B-4447-8AC2-C037053609EE}.Release|x64.Build.0 = Release|Any CPU
		{F193B213-384B-4447-8AC2-C037053609EE}.Release|x86.ActiveCfg = Release|x86
		{F193B213-384B-4447-8AC2-C037053609EE}.Release|x86.Build.0 = Release|x86
	EndGlobalSection
	GlobalSection(SolutionProperties) = preSolution
		HideSolutionNode = FALSE
	EndGlobalSection
	GlobalSection(NestedProjects) = preSolution
		{605C8CDB-F0AD-4A21-9F4A-959B8DECB0F3} = {86339D77-91B6-45DC-AB1F-95E7D16EDFFE}
		{BC1CD2AD-698C-4048-B4FC-638FAF2FC9B5} = {B565A9A1-40FE-49B5-93B8-E805F551E22E}
		{098B5C7E-9C9E-4CCD-A246-4ACB00DBEB75} = {F9BF9DFD-6E3A-4E7A-9AD9-0AAFA3256711}
		{0A426FEC-3772-40D6-8423-C9C92F281D59} = {F9BF9DFD-6E3A-4E7A-9AD9-0AAFA3256711}
		{AFF9888D-F330-47E3-958F-1127FBF47885} = {3ACA501A-179A-465B-A942-EA8CEE60C619}
		{8F2B9471-392C-4722-839B-593C63CA7CF4} = {3ACA501A-179A-465B-A942-EA8CEE60C619}
		{042D18D8-8038-4A3E-9AA7-F230649B141B} = {79623711-8083-4486-B156-751BA7861548}
		{AB32333A-6472-4DE7-850D-5E25B8BCCDF8} = {79623711-8083-4486-B156-751BA7861548}
		{F877DA1B-C10D-4A90-A229-1DB9E727A1EF} = {79623711-8083-4486-B156-751BA7861548}
		{444B162B-E037-4CF8-B7EA-AE6BE0B86FF7} = {79623711-8083-4486-B156-751BA7861548}
		{D1D40C00-29DD-44EE-B28C-1705E58A0CA6} = {79623711-8083-4486-B156-751BA7861548}
		{6FE65717-1E56-4854-A799-8C50F1D828AA} = {1471CF96-B302-4626-AB86-EED5EF166D08}
		{E8C88416-F5AD-4086-B4E8-A232F61C3175} = {1471CF96-B302-4626-AB86-EED5EF166D08}
		{3A719502-4695-4166-98F6-DBEE71D714BF} = {1471CF96-B302-4626-AB86-EED5EF166D08}
		{C0F66273-6E5D-41EF-980E-7451318981A3} = {1471CF96-B302-4626-AB86-EED5EF166D08}
		{F6852B3C-B932-4821-9BBD-CD7A7D78E160} = {6FE65717-1E56-4854-A799-8C50F1D828AA}
		{55AFA28F-3D40-4F12-B338-024101B05C2D} = {6FE65717-1E56-4854-A799-8C50F1D828AA}
		{45065D58-1EB8-4313-BB12-97C307A3BE1F} = {E8C88416-F5AD-4086-B4E8-A232F61C3175}
		{6418A911-0E66-46CD-9238-D6457D45DD9E} = {3A719502-4695-4166-98F6-DBEE71D714BF}
		{1935F221-8640-4186-913C-A89B0870C9C6} = {C0F66273-6E5D-41EF-980E-7451318981A3}
		{3B42C3D1-5119-4461-AC95-D30061535261} = {1471CF96-B302-4626-AB86-EED5EF166D08}
		{45AC428B-C568-43A2-B22A-2D12E7776D14} = {3B42C3D1-5119-4461-AC95-D30061535261}
		{C0B6482A-93FC-4D1B-AF77-137D5A37F75B} = {9AE49948-6AD1-49F3-8E1E-DDB37E447258}
		{60375786-4D8A-439E-BD6A-2CBFA9306F2D} = {F9BF9DFD-6E3A-4E7A-9AD9-0AAFA3256711}
		{453A46C6-E150-4EC6-914C-B19DE00C7852} = {1471CF96-B302-4626-AB86-EED5EF166D08}
		{57404F67-1A8F-466A-B4AD-F96924208667} = {453A46C6-E150-4EC6-914C-B19DE00C7852}
		{0543F153-0EC9-42DB-A3B7-F761781CB5F1} = {1471CF96-B302-4626-AB86-EED5EF166D08}
		{F193B213-384B-4447-8AC2-C037053609EE} = {0543F153-0EC9-42DB-A3B7-F761781CB5F1}
	EndGlobalSection
	GlobalSection(ExtensibilityGlobals) = postSolution
		SolutionGuid = {0393CDE7-A652-4A3C-9E52-4E3D07A09027}
	EndGlobalSection
EndGlobal
